{
  "pins" : [
    {
      "identity" : "espeak-ng-spm",
      "kind" : "remoteSourceControl",
      "location" : "https://github.com/chimege/espeak-ng-spm.git",
      "state" : {
        "revision" : "e5ad0b8607a0bf2e2638f447e5b7b96a393f6fe5",
        "version" : "1.0.2"
      }
    },
    {
      "identity" : "sonur-swift-text-normalizer",
      "kind" : "remoteSourceControl",
      "location" : "https://github.com/chimege/sonur-swift-text-normalizer.git",
      "state" : {
        "revision" : "6adff24537456f364749e30db5facd6899cdc05a",
        "version" : "1.0.0"
      }
    }
  ],
  "version" : 2
}
